
Microsoft Visual Studio Solution File, Format Version 12.00
# Visual Studio Version 16
VisualStudioVersion = 16.0.31205.134
MinimumVisualStudioVersion = 10.0.40219.1
Project("{FAE04EC0-301F-11D3-BF4B-00C04F79EFBC}") = "PracticeMVC", "PracticeMVC\PracticeMVC.csproj", "{648B012E-AE91-4823-8490-A6F603EFFF98}"
EndProject
Global
	GlobalSection(SolutionConfigurationPlatforms) = preSolution
		Debug|Any CPU = Debug|Any CPU
		Release|Any CPU = Release|Any CPU
	EndGlobalSection
	GlobalSection(ProjectConfigurationPlatforms) = postSolution
		{648B012E-AE91-4823-8490-A6F603EFFF98}.Debug|Any CPU.ActiveCfg = Debug|Any CPU
		{648B012E-AE91-4823-8490-A6F603EFFF98}.Debug|Any CPU.Build.0 = Debug|Any CPU
		{648B012E-AE91-4823-8490-A6F603EFFF98}.Release|Any CPU.ActiveCfg = Release|Any CPU
		{648B012E-AE91-4823-8490-A6F603EFFF98}.Release|Any CPU.Build.0 = Release|Any CPU
	EndGlobalSection
	GlobalSection(SolutionProperties) = preSolution
		HideSolutionNode = FALSE
	EndGlobalSection
	GlobalSection(ExtensibilityGlobals) = postSolution
		SolutionGuid = {C9B8D7E5-9BBD-4933-B987-EB6AB1F6BC01}
	EndGlobalSection
EndGlobal
